// !$*UTF8*$!
{
	archiveVersion = 1;
	classes = {
	};
	objectVersion = 46;
	objects = {

/* Begin PBXBuildFile section */
		8FF0C1971DE73CE700C0528F /* HomePageSlideAd.swift in Sources */ = {isa = PBXBuildFile; fileRef = 8FF0C1961DE73CE700C0528F /* HomePageSlideAd.swift */; };
		8FF0C19B1DE747CF00C0528F /* AFNetworking.framework in Frameworks */ = {isa = PBXBuildFile; fileRef = BE164DCA1DE6BD80004CE859 /* AFNetworking.framework */; };
		8FF0C19C1DE747CF00C0528F /* AFNetworking.framework in Embed Frameworks */ = {isa = PBXBuildFile; fileRef = BE164DCA1DE6BD80004CE859 /* AFNetworking.framework */; settings = {ATTRIBUTES = (CodeSignOnCopy, RemoveHeadersOnCopy, ); }; };
		BE164DCD1DE6C889004CE859 /* MedicineNetworkImpl.swift in Sources */ = {isa = PBXBuildFile; fileRef = BE164DCC1DE6C889004CE859 /* MedicineNetworkImpl.swift */; };
		BE164DCF1DE6DCD2004CE859 /* MedicineRootViewController.swift in Sources */ = {isa = PBXBuildFile; fileRef = BE164DCE1DE6DCD2004CE859 /* MedicineRootViewController.swift */; };
		BE164DD61DE6DDC8004CE859 /* HomePageViewController.swift in Sources */ = {isa = PBXBuildFile; fileRef = BE164DD51DE6DDC8004CE859 /* HomePageViewController.swift */; };
		BE164DD81DE6DE32004CE859 /* MedicineBaseViewController.swift in Sources */ = {isa = PBXBuildFile; fileRef = BE164DD71DE6DE32004CE859 /* MedicineBaseViewController.swift */; };
		BE164DDA1DE6E1E8004CE859 /* ProductViewController.swift in Sources */ = {isa = PBXBuildFile; fileRef = BE164DD91DE6E1E8004CE859 /* ProductViewController.swift */; };
		BE164DDC1DE6E264004CE859 /* ResourceViewController.swift in Sources */ = {isa = PBXBuildFile; fileRef = BE164DDB1DE6E264004CE859 /* ResourceViewController.swift */; };
		BE164DDE1DE6E27F004CE859 /* MeViewController.swift in Sources */ = {isa = PBXBuildFile; fileRef = BE164DDD1DE6E27F004CE859 /* MeViewController.swift */; };
		BE164DE01DE6E29E004CE859 /* LoginViewController.swift in Sources */ = {isa = PBXBuildFile; fileRef = BE164DDF1DE6E29E004CE859 /* LoginViewController.swift */; };
		BE2AD10F1DEC028C000C5F44 /* HomePageInteractor.swift in Sources */ = {isa = PBXBuildFile; fileRef = BE2AD10E1DEC028C000C5F44 /* HomePageInteractor.swift */; };
		BE2AD1111DEC04D8000C5F44 /* MedicineUtil.swift in Sources */ = {isa = PBXBuildFile; fileRef = BE2AD1101DEC04D8000C5F44 /* MedicineUtil.swift */; };
		BE2AD1131DEC0E2A000C5F44 /* MedicineBaseModel.swift in Sources */ = {isa = PBXBuildFile; fileRef = BE2AD1121DEC0E2A000C5F44 /* MedicineBaseModel.swift */; };
		BE2AD1151DEC0E55000C5F44 /* HomePageModel.swift in Sources */ = {isa = PBXBuildFile; fileRef = BE2AD1141DEC0E55000C5F44 /* HomePageModel.swift */; };
		BE4ACA9A1DDEAF9500CE0D31 /* AppDelegate.swift in Sources */ = {isa = PBXBuildFile; fileRef = BE4ACA991DDEAF9500CE0D31 /* AppDelegate.swift */; };
		BE4ACAA11DDEAF9500CE0D31 /* Assets.xcassets in Resources */ = {isa = PBXBuildFile; fileRef = BE4ACAA01DDEAF9500CE0D31 /* Assets.xcassets */; };
		BE655F931DE56EBF005295AC /* ProtocalManager.swift in Sources */ = {isa = PBXBuildFile; fileRef = BE655F921DE56EBF005295AC /* ProtocalManager.swift */; };
		BE655F971DE56FBF005295AC /* MedicineNetworkProtocal.swift in Sources */ = {isa = PBXBuildFile; fileRef = BE655F961DE56FBF005295AC /* MedicineNetworkProtocal.swift */; };
		BE69EE981DE7EAFF0084EA4B /* WebImage.framework in Frameworks */ = {isa = PBXBuildFile; fileRef = 8FF0C19E1DE7498200C0528F /* WebImage.framework */; };
		BE69EE991DE7EAFF0084EA4B /* WebImage.framework in Embed Frameworks */ = {isa = PBXBuildFile; fileRef = 8FF0C19E1DE7498200C0528F /* WebImage.framework */; settings = {ATTRIBUTES = (CodeSignOnCopy, RemoveHeadersOnCopy, ); }; };
		BE69EE9B1DE815310084EA4B /* MedicineConstants.swift in Sources */ = {isa = PBXBuildFile; fileRef = BE69EE9A1DE815310084EA4B /* MedicineConstants.swift */; };
		BEFF7F0E1DED2ADF008F5DE3 /* StringExtension.swift in Sources */ = {isa = PBXBuildFile; fileRef = BEFF7F0D1DED2ADF008F5DE3 /* StringExtension.swift */; };
		BEFF7F0F1DED30B6008F5DE3 /* SwiftyJSON.framework in Frameworks */ = {isa = PBXBuildFile; fileRef = BE2AD1181DEC2CC1000C5F44 /* SwiftyJSON.framework */; };
		BEFF7F101DED30B6008F5DE3 /* SwiftyJSON.framework in Embed Frameworks */ = {isa = PBXBuildFile; fileRef = BE2AD1181DEC2CC1000C5F44 /* SwiftyJSON.framework */; settings = {ATTRIBUTES = (CodeSignOnCopy, RemoveHeadersOnCopy, ); }; };
/* End PBXBuildFile section */

/* Begin PBXCopyFilesBuildPhase section */
		8FF0C19D1DE747CF00C0528F /* Embed Frameworks */ = {
			isa = PBXCopyFilesBuildPhase;
			buildActionMask = 2147483647;
			dstPath = "";
			dstSubfolderSpec = 10;
			files = (
				8FF0C19C1DE747CF00C0528F /* AFNetworking.framework in Embed Frameworks */,
				BE69EE991DE7EAFF0084EA4B /* WebImage.framework in Embed Frameworks */,
				BEFF7F101DED30B6008F5DE3 /* SwiftyJSON.framework in Embed Frameworks */,
			);
			name = "Embed Frameworks";
			runOnlyForDeploymentPostprocessing = 0;
		};
/* End PBXCopyFilesBuildPhase section */

/* Begin PBXFileReference section */
		8FF0C1961DE73CE700C0528F /* HomePageSlideAd.swift */ = {isa = PBXFileReference; fileEncoding = 4; lastKnownFileType = sourcecode.swift; path = HomePageSlideAd.swift; sourceTree = "<group>"; };
		8FF0C19E1DE7498200C0528F /* WebImage.framework */ = {isa = PBXFileReference; lastKnownFileType = wrapper.framework; name = WebImage.framework; path = thirdlib/WebImage.framework; sourceTree = "<group>"; };
		BE164DCA1DE6BD80004CE859 /* AFNetworking.framework */ = {isa = PBXFileReference; lastKnownFileType = wrapper.framework; name = AFNetworking.framework; path = thirdlib/AFNetworking.framework; sourceTree = "<group>"; };
		BE164DCC1DE6C889004CE859 /* MedicineNetworkImpl.swift */ = {isa = PBXFileReference; fileEncoding = 4; lastKnownFileType = sourcecode.swift; path = MedicineNetworkImpl.swift; sourceTree = "<group>"; };
		BE164DCE1DE6DCD2004CE859 /* MedicineRootViewController.swift */ = {isa = PBXFileReference; fileEncoding = 4; lastKnownFileType = sourcecode.swift; path = MedicineRootViewController.swift; sourceTree = "<group>"; };
		BE164DD51DE6DDC8004CE859 /* HomePageViewController.swift */ = {isa = PBXFileReference; fileEncoding = 4; lastKnownFileType = sourcecode.swift; path = HomePageViewController.swift; sourceTree = "<group>"; };
		BE164DD71DE6DE32004CE859 /* MedicineBaseViewController.swift */ = {isa = PBXFileReference; fileEncoding = 4; lastKnownFileType = sourcecode.swift; path = MedicineBaseViewController.swift; sourceTree = "<group>"; };
		BE164DD91DE6E1E8004CE859 /* ProductViewController.swift */ = {isa = PBXFileReference; fileEncoding = 4; lastKnownFileType = sourcecode.swift; path = ProductViewController.swift; sourceTree = "<group>"; };
		BE164DDB1DE6E264004CE859 /* ResourceViewController.swift */ = {isa = PBXFileReference; fileEncoding = 4; lastKnownFileType = sourcecode.swift; path = ResourceViewController.swift; sourceTree = "<group>"; };
		BE164DDD1DE6E27F004CE859 /* MeViewController.swift */ = {isa = PBXFileReference; fileEncoding = 4; lastKnownFileType = sourcecode.swift; path = MeViewController.swift; sourceTree = "<group>"; };
		BE164DDF1DE6E29E004CE859 /* LoginViewController.swift */ = {isa = PBXFileReference; fileEncoding = 4; lastKnownFileType = sourcecode.swift; path = LoginViewController.swift; sourceTree = "<group>"; };
		BE2AD10E1DEC028C000C5F44 /* HomePageInteractor.swift */ = {isa = PBXFileReference; fileEncoding = 4; lastKnownFileType = sourcecode.swift; path = HomePageInteractor.swift; sourceTree = "<group>"; };
		BE2AD1101DEC04D8000C5F44 /* MedicineUtil.swift */ = {isa = PBXFileReference; fileEncoding = 4; lastKnownFileType = sourcecode.swift; path = MedicineUtil.swift; sourceTree = "<group>"; };
		BE2AD1121DEC0E2A000C5F44 /* MedicineBaseModel.swift */ = {isa = PBXFileReference; fileEncoding = 4; lastKnownFileType = sourcecode.swift; path = MedicineBaseModel.swift; sourceTree = "<group>"; };
		BE2AD1141DEC0E55000C5F44 /* HomePageModel.swift */ = {isa = PBXFileReference; fileEncoding = 4; lastKnownFileType = sourcecode.swift; path = HomePageModel.swift; sourceTree = "<group>"; };
		BE2AD1181DEC2CC1000C5F44 /* SwiftyJSON.framework */ = {isa = PBXFileReference; lastKnownFileType = wrapper.framework; name = SwiftyJSON.framework; path = thirdlib/SwiftyJSON.framework; sourceTree = "<group>"; };
		BE4ACA961DDEAF9500CE0D31 /* medicineUnit.app */ = {isa = PBXFileReference; explicitFileType = wrapper.application; includeInIndex = 0; path = medicineUnit.app; sourceTree = BUILT_PRODUCTS_DIR; };
		BE4ACA991DDEAF9500CE0D31 /* AppDelegate.swift */ = {isa = PBXFileReference; lastKnownFileType = sourcecode.swift; path = AppDelegate.swift; sourceTree = "<group>"; };
		BE4ACAA01DDEAF9500CE0D31 /* Assets.xcassets */ = {isa = PBXFileReference; lastKnownFileType = folder.assetcatalog; path = Assets.xcassets; sourceTree = "<group>"; };
		BE4ACAA51DDEAF9500CE0D31 /* Info.plist */ = {isa = PBXFileReference; lastKnownFileType = text.plist.xml; path = Info.plist; sourceTree = "<group>"; };
		BE655F921DE56EBF005295AC /* ProtocalManager.swift */ = {isa = PBXFileReference; fileEncoding = 4; lastKnownFileType = sourcecode.swift; path = ProtocalManager.swift; sourceTree = "<group>"; };
		BE655F961DE56FBF005295AC /* MedicineNetworkProtocal.swift */ = {isa = PBXFileReference; fileEncoding = 4; lastKnownFileType = sourcecode.swift; path = MedicineNetworkProtocal.swift; sourceTree = "<group>"; };
		BE655F981DE59D7D005295AC /* medicineUnit-Bridging-Header.h */ = {isa = PBXFileReference; lastKnownFileType = sourcecode.c.h; path = "medicineUnit-Bridging-Header.h"; sourceTree = "<group>"; };
		BE69EE9A1DE815310084EA4B /* MedicineConstants.swift */ = {isa = PBXFileReference; fileEncoding = 4; lastKnownFileType = sourcecode.swift; path = MedicineConstants.swift; sourceTree = "<group>"; };
		BEFF7F0D1DED2ADF008F5DE3 /* StringExtension.swift */ = {isa = PBXFileReference; fileEncoding = 4; lastKnownFileType = sourcecode.swift; path = StringExtension.swift; sourceTree = "<group>"; };
/* End PBXFileReference section */

/* Begin PBXFrameworksBuildPhase section */
		BE4ACA931DDEAF9500CE0D31 /* Frameworks */ = {
			isa = PBXFrameworksBuildPhase;
			buildActionMask = 2147483647;
			files = (
				8FF0C19B1DE747CF00C0528F /* AFNetworking.framework in Frameworks */,
				BE69EE981DE7EAFF0084EA4B /* WebImage.framework in Frameworks */,
				BEFF7F0F1DED30B6008F5DE3 /* SwiftyJSON.framework in Frameworks */,
			);
			runOnlyForDeploymentPostprocessing = 0;
		};
/* End PBXFrameworksBuildPhase section */

/* Begin PBXGroup section */
		BE164DD01DE6DD17004CE859 /* homepage */ = {
			isa = PBXGroup;
			children = (
				8FF0C1961DE73CE700C0528F /* HomePageSlideAd.swift */,
				BE164DD51DE6DDC8004CE859 /* HomePageViewController.swift */,
				BE2AD10E1DEC028C000C5F44 /* HomePageInteractor.swift */,
				BE2AD1141DEC0E55000C5F44 /* HomePageModel.swift */,
			);
			name = homepage;
			sourceTree = "<group>";
		};
		BE164DD11DE6DD24004CE859 /* product */ = {
			isa = PBXGroup;
			children = (
				BE164DD91DE6E1E8004CE859 /* ProductViewController.swift */,
			);
			name = product;
			sourceTree = "<group>";
		};
		BE164DD21DE6DD30004CE859 /* resource */ = {
			isa = PBXGroup;
			children = (
				BE164DDB1DE6E264004CE859 /* ResourceViewController.swift */,
			);
			name = resource;
			sourceTree = "<group>";
		};
		BE164DD31DE6DD3B004CE859 /* me */ = {
			isa = PBXGroup;
			children = (
				BE164DDD1DE6E27F004CE859 /* MeViewController.swift */,
			);
			name = me;
			sourceTree = "<group>";
		};
		BE164DD41DE6DD43004CE859 /* login */ = {
			isa = PBXGroup;
			children = (
				BE164DDF1DE6E29E004CE859 /* LoginViewController.swift */,
			);
			name = login;
			sourceTree = "<group>";
		};
		BE4ACA8D1DDEAF9500CE0D31 = {
			isa = PBXGroup;
			children = (
				BE4ACA981DDEAF9500CE0D31 /* medicineUnit */,
				BE4ACA971DDEAF9500CE0D31 /* Products */,
			);
			sourceTree = "<group>";
		};
		BE4ACA971DDEAF9500CE0D31 /* Products */ = {
			isa = PBXGroup;
			children = (
				BE4ACA961DDEAF9500CE0D31 /* medicineUnit.app */,
			);
			name = Products;
			sourceTree = "<group>";
		};
		BE4ACA981DDEAF9500CE0D31 /* medicineUnit */ = {
			isa = PBXGroup;
			children = (
				BE655F981DE59D7D005295AC /* medicineUnit-Bridging-Header.h */,
				BE655F911DE56E4F005295AC /* common */,
				BE655F8D1DE56D2C005295AC /* businessmodule */,
				BE655F8C1DE56D22005295AC /* basemodule */,
				BE655F891DE56CAC005295AC /* thirdlib */,
				BE4ACA991DDEAF9500CE0D31 /* AppDelegate.swift */,
				BE4ACAA01DDEAF9500CE0D31 /* Assets.xcassets */,
				BE4ACAA51DDEAF9500CE0D31 /* Info.plist */,
			);
			path = medicineUnit;
			sourceTree = "<group>";
		};
		BE655F891DE56CAC005295AC /* thirdlib */ = {
			isa = PBXGroup;
			children = (
				BE2AD1181DEC2CC1000C5F44 /* SwiftyJSON.framework */,
				8FF0C19E1DE7498200C0528F /* WebImage.framework */,
				BE164DCA1DE6BD80004CE859 /* AFNetworking.framework */,
			);
			name = thirdlib;
			sourceTree = "<group>";
		};
		BE655F8C1DE56D22005295AC /* basemodule */ = {
			isa = PBXGroup;
			children = (
				BE655F901DE56E04005295AC /* log */,
				BE655F8F1DE56DBA005295AC /* db */,
				BE655F8E1DE56D3D005295AC /* network */,
			);
			name = basemodule;
			sourceTree = "<group>";
		};
		BE655F8D1DE56D2C005295AC /* businessmodule */ = {
			isa = PBXGroup;
			children = (
				BE164DD41DE6DD43004CE859 /* login */,
				BE164DD31DE6DD3B004CE859 /* me */,
				BE164DD21DE6DD30004CE859 /* resource */,
				BE164DD11DE6DD24004CE859 /* product */,
				BE164DD01DE6DD17004CE859 /* homepage */,
			);
			name = businessmodule;
			sourceTree = "<group>";
		};
		BE655F8E1DE56D3D005295AC /* network */ = {
			isa = PBXGroup;
			children = (
				BE655F961DE56FBF005295AC /* MedicineNetworkProtocal.swift */,
				BE164DCC1DE6C889004CE859 /* MedicineNetworkImpl.swift */,
			);
			name = network;
			sourceTree = "<group>";
		};
		BE655F8F1DE56DBA005295AC /* db */ = {
			isa = PBXGroup;
			children = (
			);
			name = db;
			sourceTree = "<group>";
		};
		BE655F901DE56E04005295AC /* log */ = {
			isa = PBXGroup;
			children = (
			);
			name = log;
			sourceTree = "<group>";
		};
		BE655F911DE56E4F005295AC /* common */ = {
			isa = PBXGroup;
			children = (
				BE655F921DE56EBF005295AC /* ProtocalManager.swift */,
				BE164DCE1DE6DCD2004CE859 /* MedicineRootViewController.swift */,
				BE164DD71DE6DE32004CE859 /* MedicineBaseViewController.swift */,
				BE69EE9A1DE815310084EA4B /* MedicineConstants.swift */,
				BE2AD1101DEC04D8000C5F44 /* MedicineUtil.swift */,
				BE2AD1121DEC0E2A000C5F44 /* MedicineBaseModel.swift */,
				BEFF7F0D1DED2ADF008F5DE3 /* StringExtension.swift */,
			);
			name = common;
			sourceTree = "<group>";
		};
/* End PBXGroup section */

/* Begin PBXNativeTarget section */
		BE4ACA951DDEAF9500CE0D31 /* medicineUnit */ = {
			isa = PBXNativeTarget;
			buildConfigurationList = BE4ACAA81DDEAF9500CE0D31 /* Build configuration list for PBXNativeTarget "medicineUnit" */;
			buildPhases = (
				BE4ACA921DDEAF9500CE0D31 /* Sources */,
				BE4ACA931DDEAF9500CE0D31 /* Frameworks */,
				BE4ACA941DDEAF9500CE0D31 /* Resources */,
				8FF0C19D1DE747CF00C0528F /* Embed Frameworks */,
			);
			buildRules = (
			);
			dependencies = (
			);
			name = medicineUnit;
			productName = medicineUnit;
			productReference = BE4ACA961DDEAF9500CE0D31 /* medicineUnit.app */;
			productType = "com.apple.product-type.application";
		};
/* End PBXNativeTarget section */

/* Begin PBXProject section */
		BE4ACA8E1DDEAF9500CE0D31 /* Project object */ = {
			isa = PBXProject;
			attributes = {
				LastSwiftUpdateCheck = 0800;
				LastUpgradeCheck = 0800;
				ORGANIZATIONNAME = Geo;
				TargetAttributes = {
					BE4ACA951DDEAF9500CE0D31 = {
						CreatedOnToolsVersion = 8.0;
						DevelopmentTeam = UP84TZHWYP;
						LastSwiftMigration = 0800;
						ProvisioningStyle = Automatic;
					};
				};
			};
			buildConfigurationList = BE4ACA911DDEAF9500CE0D31 /* Build configuration list for PBXProject "medicineUnit" */;
			compatibilityVersion = "Xcode 3.2";
			developmentRegion = English;
			hasScannedForEncodings = 0;
			knownRegions = (
				en,
				Base,
			);
			mainGroup = BE4ACA8D1DDEAF9500CE0D31;
			productRefGroup = BE4ACA971DDEAF9500CE0D31 /* Products */;
			projectDirPath = "";
			projectRoot = "";
			targets = (
				BE4ACA951DDEAF9500CE0D31 /* medicineUnit */,
			);
		};
/* End PBXProject section */

/* Begin PBXResourcesBuildPhase section */
		BE4ACA941DDEAF9500CE0D31 /* Resources */ = {
			isa = PBXResourcesBuildPhase;
			buildActionMask = 2147483647;
			files = (
				BE4ACAA11DDEAF9500CE0D31 /* Assets.xcassets in Resources */,
			);
			runOnlyForDeploymentPostprocessing = 0;
		};
/* End PBXResourcesBuildPhase section */

/* Begin PBXSourcesBuildPhase section */
		BE4ACA921DDEAF9500CE0D31 /* Sources */ = {
			isa = PBXSourcesBuildPhase;
			buildActionMask = 2147483647;
			files = (
				BE164DE01DE6E29E004CE859 /* LoginViewController.swift in Sources */,
				BE164DDC1DE6E264004CE859 /* ResourceViewController.swift in Sources */,
				BE164DDE1DE6E27F004CE859 /* MeViewController.swift in Sources */,
				BE655F971DE56FBF005295AC /* MedicineNetworkProtocal.swift in Sources */,
				BE2AD1151DEC0E55000C5F44 /* HomePageModel.swift in Sources */,
				BE164DD61DE6DDC8004CE859 /* HomePageViewController.swift in Sources */,
				BE164DCD1DE6C889004CE859 /* MedicineNetworkImpl.swift in Sources */,
				BE2AD10F1DEC028C000C5F44 /* HomePageInteractor.swift in Sources */,
				BE164DCF1DE6DCD2004CE859 /* MedicineRootViewController.swift in Sources */,
				BE655F931DE56EBF005295AC /* ProtocalManager.swift in Sources */,
				BE2AD1111DEC04D8000C5F44 /* MedicineUtil.swift in Sources */,
				8FF0C1971DE73CE700C0528F /* HomePageSlideAd.swift in Sources */,
				BE164DDA1DE6E1E8004CE859 /* ProductViewController.swift in Sources */,
				BE2AD1131DEC0E2A000C5F44 /* MedicineBaseModel.swift in Sources */,
				BEFF7F0E1DED2ADF008F5DE3 /* StringExtension.swift in Sources */,
				BE164DD81DE6DE32004CE859 /* MedicineBaseViewController.swift in Sources */,
				BE69EE9B1DE815310084EA4B /* MedicineConstants.swift in Sources */,
				BE4ACA9A1DDEAF9500CE0D31 /* AppDelegate.swift in Sources */,
			);
			runOnlyForDeploymentPostprocessing = 0;
		};
/* End PBXSourcesBuildPhase section */

/* Begin XCBuildConfiguration section */
		BE4ACAA61DDEAF9500CE0D31 /* Debug */ = {
			isa = XCBuildConfiguration;
			buildSettings = {
				ALWAYS_SEARCH_USER_PATHS = NO;
				CLANG_ANALYZER_NONNULL = YES;
				CLANG_CXX_LANGUAGE_STANDARD = "gnu++0x";
				CLANG_CXX_LIBRARY = "libc++";
				CLANG_ENABLE_MODULES = YES;
				CLANG_ENABLE_OBJC_ARC = YES;
				CLANG_WARN_BOOL_CONVERSION = YES;
				CLANG_WARN_CONSTANT_CONVERSION = YES;
				CLANG_WARN_DIRECT_OBJC_ISA_USAGE = YES_ERROR;
				CLANG_WARN_DOCUMENTATION_COMMENTS = YES;
				CLANG_WARN_EMPTY_BODY = YES;
				CLANG_WARN_ENUM_CONVERSION = YES;
				CLANG_WARN_INFINITE_RECURSION = YES;
				CLANG_WARN_INT_CONVERSION = YES;
				CLANG_WARN_OBJC_ROOT_CLASS = YES_ERROR;
				CLANG_WARN_SUSPICIOUS_MOVES = YES;
				CLANG_WARN_UNREACHABLE_CODE = YES;
				CLANG_WARN__DUPLICATE_METHOD_MATCH = YES;
				"CODE_SIGN_IDENTITY[sdk=iphoneos*]" = "iPhone Developer";
				COPY_PHASE_STRIP = NO;
				DEBUG_INFORMATION_FORMAT = dwarf;
				ENABLE_STRICT_OBJC_MSGSEND = YES;
				ENABLE_TESTABILITY = YES;
				GCC_C_LANGUAGE_STANDARD = gnu99;
				GCC_DYNAMIC_NO_PIC = NO;
				GCC_NO_COMMON_BLOCKS = YES;
				GCC_OPTIMIZATION_LEVEL = 0;
				GCC_PREPROCESSOR_DEFINITIONS = (
					"DEBUG=1",
					"$(inherited)",
				);
				GCC_WARN_64_TO_32_BIT_CONVERSION = YES;
				GCC_WARN_ABOUT_RETURN_TYPE = YES_ERROR;
				GCC_WARN_UNDECLARED_SELECTOR = YES;
				GCC_WARN_UNINITIALIZED_AUTOS = YES_AGGRESSIVE;
				GCC_WARN_UNUSED_FUNCTION = YES;
				GCC_WARN_UNUSED_VARIABLE = YES;
				IPHONEOS_DEPLOYMENT_TARGET = 8.0;
				MTL_ENABLE_DEBUG_INFO = YES;
				ONLY_ACTIVE_ARCH = YES;
				SDKROOT = iphoneos;
				SWIFT_ACTIVE_COMPILATION_CONDITIONS = DEBUG;
				SWIFT_OPTIMIZATION_LEVEL = "-Onone";
			};
			name = Debug;
		};
		BE4ACAA71DDEAF9500CE0D31 /* Release */ = {
			isa = XCBuildConfiguration;
			buildSettings = {
				ALWAYS_SEARCH_USER_PATHS = NO;
				CLANG_ANALYZER_NONNULL = YES;
				CLANG_CXX_LANGUAGE_STANDARD = "gnu++0x";
				CLANG_CXX_LIBRARY = "libc++";
				CLANG_ENABLE_MODULES = YES;
				CLANG_ENABLE_OBJC_ARC = YES;
				CLANG_WARN_BOOL_CONVERSION = YES;
				CLANG_WARN_CONSTANT_CONVERSION = YES;
				CLANG_WARN_DIRECT_OBJC_ISA_USAGE = YES_ERROR;
				CLANG_WARN_DOCUMENTATION_COMMENTS = YES;
				CLANG_WARN_EMPTY_BODY = YES;
				CLANG_WARN_ENUM_CONVERSION = YES;
				CLANG_WARN_INFINITE_RECURSION = YES;
				CLANG_WARN_INT_CONVERSION = YES;
				CLANG_WARN_OBJC_ROOT_CLASS = YES_ERROR;
				CLANG_WARN_SUSPICIOUS_MOVES = YES;
				CLANG_WARN_UNREACHABLE_CODE = YES;
				CLANG_WARN__DUPLICATE_METHOD_MATCH = YES;
				"CODE_SIGN_IDENTITY[sdk=iphoneos*]" = "iPhone Developer";
				COPY_PHASE_STRIP = NO;
				DEBUG_INFORMATION_FORMAT = "dwarf-with-dsym";
				ENABLE_NS_ASSERTIONS = NO;
				ENABLE_STRICT_OBJC_MSGSEND = YES;
				GCC_C_LANGUAGE_STANDARD = gnu99;
				GCC_NO_COMMON_BLOCKS = YES;
				GCC_WARN_64_TO_32_BIT_CONVERSION = YES;
				GCC_WARN_ABOUT_RETURN_TYPE = YES_ERROR;
				GCC_WARN_UNDECLARED_SELECTOR = YES;
				GCC_WARN_UNINITIALIZED_AUTOS = YES_AGGRESSIVE;
				GCC_WARN_UNUSED_FUNCTION = YES;
				GCC_WARN_UNUSED_VARIABLE = YES;
				IPHONEOS_DEPLOYMENT_TARGET = 8.0;
				MTL_ENABLE_DEBUG_INFO = NO;
				SDKROOT = iphoneos;
				SWIFT_OPTIMIZATION_LEVEL = "-Owholemodule";
				VALIDATE_PRODUCT = YES;
			};
			name = Release;
		};
		BE4ACAA91DDEAF9500CE0D31 /* Debug */ = {
			isa = XCBuildConfiguration;
			buildSettings = {
				ASSETCATALOG_COMPILER_APPICON_NAME = AppIcon;
				ASSETCATALOG_COMPILER_LAUNCHIMAGE_NAME = LaunchImage;
				CLANG_ENABLE_MODULES = YES;
				DEVELOPMENT_TEAM = UP84TZHWYP;
				FRAMEWORK_SEARCH_PATHS = (
					"$(inherited)",
					"$(PROJECT_DIR)/medicineUnit/thirdlib",
				);
				INFOPLIST_FILE = medicineUnit/Info.plist;
				IPHONEOS_DEPLOYMENT_TARGET = 8.0;
				LD_RUNPATH_SEARCH_PATHS = "$(inherited) @executable_path/Frameworks";
				PRODUCT_BUNDLE_IDENTIFIER = com.pingan.medicineUnit;
				PRODUCT_NAME = "$(TARGET_NAME)";
				SWIFT_OBJC_BRIDGING_HEADER = "medicineUnit/medicineUnit-Bridging-Header.h";
				SWIFT_OPTIMIZATION_LEVEL = "-Onone";
				SWIFT_VERSION = 3.0;
			};
			name = Debug;
		};
		BE4ACAAA1DDEAF9500CE0D31 /* Release */ = {
			isa = XCBuildConfiguration;
			buildSettings = {
				ASSETCATALOG_COMPILER_APPICON_NAME = AppIcon;
				ASSETCATALOG_COMPILER_LAUNCHIMAGE_NAME = LaunchImage;
				CLANG_ENABLE_MODULES = YES;
				DEVELOPMENT_TEAM = UP84TZHWYP;
				FRAMEWORK_SEARCH_PATHS = (
					"$(inherited)",
					"$(PROJECT_DIR)/medicineUnit/thirdlib",
				);
				INFOPLIST_FILE = medicineUnit/Info.plist;
				IPHONEOS_DEPLOYMENT_TARGET = 8.0;
				LD_RUNPATH_SEARCH_PATHS = "$(inherited) @executable_path/Frameworks";
				PRODUCT_BUNDLE_IDENTIFIER = com.pingan.medicineUnit;
				PRODUCT_NAME = "$(TARGET_NAME)";
				SWIFT_OBJC_BRIDGING_HEADER = "medicineUnit/medicineUnit-Bridging-Header.h";
				SWIFT_VERSION = 3.0;
			};
			name = Release;
		};
/* End XCBuildConfiguration section */

/* Begin XCConfigurationList section */
		BE4ACA911DDEAF9500CE0D31 /* Build configuration list for PBXProject "medicineUnit" */ = {
			isa = XCConfigurationList;
			buildConfigurations = (
				BE4ACAA61DDEAF9500CE0D31 /* Debug */,
				BE4ACAA71DDEAF9500CE0D31 /* Release */,
			);
			defaultConfigurationIsVisible = 0;
			defaultConfigurationName = Release;
		};
		BE4ACAA81DDEAF9500CE0D31 /* Build configuration list for PBXNativeTarget "medicineUnit" */ = {
			isa = XCConfigurationList;
			buildConfigurations = (
				BE4ACAA91DDEAF9500CE0D31 /* Debug */,
				BE4ACAAA1DDEAF9500CE0D31 /* Release */,
			);
			defaultConfigurationIsVisible = 0;
			defaultConfigurationName = Release;
		};
/* End XCConfigurationList section */
	};
	rootObject = BE4ACA8E1DDEAF9500CE0D31 /* Project object */;
}
